
Microsoft Visual Studio Solution File, Format Version 12.00
# Visual Studio 2012
Project("{FAE04EC0-301F-11D3-BF4B-00C04F79EFBC}") = "DemoPatterns", "DemoPatterns\DemoPatterns.csproj", "{FFC46D7E-7758-4A89-8549-4105E1954EDB}"
EndProject
Global
	GlobalSection(SolutionConfigurationPlatforms) = preSolution
		Debug|Any CPU = Debug|Any CPU
		Release|Any CPU = Release|Any CPU
	EndGlobalSection
	GlobalSection(ProjectConfigurationPlatforms) = postSolution
		{FFC46D7E-7758-4A89-8549-4105E1954EDB}.Debug|Any CPU.ActiveCfg = Debug|Any CPU
		{FFC46D7E-7758-4A89-8549-4105E1954EDB}.Debug|Any CPU.Build.0 = Debug|Any CPU
		{FFC46D7E-7758-4A89-8549-4105E1954EDB}.Release|Any CPU.ActiveCfg = Release|Any CPU
		{FFC46D7E-7758-4A89-8549-4105E1954EDB}.Release|Any CPU.Build.0 = Release|Any CPU
	EndGlobalSection
	GlobalSection(SolutionProperties) = preSolution
		HideSolutionNode = FALSE
	EndGlobalSection
EndGlobal
